
Microsoft Visual Studio Solution File, Format Version 12.00
# Visual Studio Version 16
VisualStudioVersion = 16.0.30717.126
MinimumVisualStudioVersion = 10.0.40219.1
Project("{FAE04EC0-301F-11D3-BF4B-00C04F79EFBC}") = "web_odev", "web_odev.csproj", "{80CFE282-24F0-4D9E-8C99-1A3B696FFCFD}"
EndProject
Global
	GlobalSection(SolutionConfigurationPlatforms) = preSolution
		Debug|Any CPU = Debug|Any CPU
		Release|Any CPU = Release|Any CPU
	EndGlobalSection
	GlobalSection(ProjectConfigurationPlatforms) = postSolution
		{80CFE282-24F0-4D9E-8C99-1A3B696FFCFD}.Debug|Any CPU.ActiveCfg = Debug|Any CPU
		{80CFE282-24F0-4D9E-8C99-1A3B696FFCFD}.Debug|Any CPU.Build.0 = Debug|Any CPU
		{80CFE282-24F0-4D9E-8C99-1A3B696FFCFD}.Release|Any CPU.ActiveCfg = Release|Any CPU
		{80CFE282-24F0-4D9E-8C99-1A3B696FFCFD}.Release|Any CPU.Build.0 = Release|Any CPU
	EndGlobalSection
	GlobalSection(SolutionProperties) = preSolution
		HideSolutionNode = FALSE
	EndGlobalSection
	GlobalSection(ExtensibilityGlobals) = postSolution
		SolutionGuid = {9BFBAF4C-24CF-4618-B0AF-0698EF105DDC}
	EndGlobalSection
EndGlobal
